
Microsoft Visual Studio Solution File, Format Version 12.00
# Visual Studio Version 17
VisualStudioVersion = 17.11.35208.52
MinimumVisualStudioVersion = 10.0.40219.1
Project("{9A19103F-16F7-4668-BE54-9A1E7A4F7556}") = "ConsoleProgressBar", "ConsoleProgressBar\ConsoleProgressBar.csproj", "{026051A5-9A68-42B4-A1C0-3816CC123494}"
EndProject
Project("{FAE04EC0-301F-11D3-BF4B-00C04F79EFBC}") = "ConsoleProgressBarTests", "ConsoleProgressBarTests\ConsoleProgressBarTests.csproj", "{ACC5DC3B-52FB-4582-A249-6FBE63DCA1B7}"
EndProject
Global
	GlobalSection(SolutionConfigurationPlatforms) = preSolution
		Debug|Any CPU = Debug|Any CPU
		Release|Any CPU = Release|Any CPU
	EndGlobalSection
	GlobalSection(ProjectConfigurationPlatforms) = postSolution
		{026051A5-9A68-42B4-A1C0-3816CC123494}.Debug|Any CPU.ActiveCfg = Debug|Any CPU
		{026051A5-9A68-42B4-A1C0-3816CC123494}.Debug|Any CPU.Build.0 = Debug|Any CPU
		{026051A5-9A68-42B4-A1C0-3816CC123494}.Release|Any CPU.ActiveCfg = Release|Any CPU
		{026051A5-9A68-42B4-A1C0-3816CC123494}.Release|Any CPU.Build.0 = Release|Any CPU
		{ACC5DC3B-52FB-4582-A249-6FBE63DCA1B7}.Debug|Any CPU.ActiveCfg = Debug|Any CPU
		{ACC5DC3B-52FB-4582-A249-6FBE63DCA1B7}.Debug|Any CPU.Build.0 = Debug|Any CPU
		{ACC5DC3B-52FB-4582-A249-6FBE63DCA1B7}.Release|Any CPU.ActiveCfg = Release|Any CPU
		{ACC5DC3B-52FB-4582-A249-6FBE63DCA1B7}.Release|Any CPU.Build.0 = Release|Any CPU
	EndGlobalSection
	GlobalSection(SolutionProperties) = preSolution
		HideSolutionNode = FALSE
	EndGlobalSection
	GlobalSection(ExtensibilityGlobals) = postSolution
		SolutionGuid = {8A6AC1DA-B6C6-4E78-9FF7-B7AF3F7E5E75}
	EndGlobalSection
EndGlobal
